---
apiVersion: v1
kind: Pod
metadata:
  name: test-pod-block
spec:
  containers:
  - name: ubuntu
    image: ubuntu:22.04
    command:
      - sleep
      - "1"
    volumeDevices:
      - name: test-vol
        devicePath: /dev/test-vol
  volumes:
    - name: test-vol
      persistentVolumeClaim:
        claimName: test-pvc-block
---
apiVersion: v1
kind: PersistentVolumeClaim
metadata:
  name: test-pvc-block
spec:
  accessModes:
  - ReadWriteOnce
  resources:
    requests:
      storage: 1Gi
  storageClassName: local-storage
  volumeMode: Block
